
Microsoft Visual Studio Solution File, Format Version 12.00
# Visual Studio Version 17
VisualStudioVersion = 17.11.35208.52
MinimumVisualStudioVersion = 10.0.40219.1
Project("{FAE04EC0-301F-11D3-BF4B-00C04F79EFBC}") = "BaiTapKiemTra01", "BaiTapKiemTra01\BaiTapKiemTra01.csproj", "{F3F599E3-EB4B-4CA0-B5CA-E17A6ED36F53}"
EndProject
Global
	GlobalSection(SolutionConfigurationPlatforms) = preSolution
		Debug|Any CPU = Debug|Any CPU
		Release|Any CPU = Release|Any CPU
	EndGlobalSection
	GlobalSection(ProjectConfigurationPlatforms) = postSolution
		{F3F599E3-EB4B-4CA0-B5CA-E17A6ED36F53}.Debug|Any CPU.ActiveCfg = Debug|Any CPU
		{F3F599E3-EB4B-4CA0-B5CA-E17A6ED36F53}.Debug|Any CPU.Build.0 = Debug|Any CPU
		{F3F599E3-EB4B-4CA0-B5CA-E17A6ED36F53}.Release|Any CPU.ActiveCfg = Release|Any CPU
		{F3F599E3-EB4B-4CA0-B5CA-E17A6ED36F53}.Release|Any CPU.Build.0 = Release|Any CPU
	EndGlobalSection
	GlobalSection(SolutionProperties) = preSolution
		HideSolutionNode = FALSE
	EndGlobalSection
	GlobalSection(ExtensibilityGlobals) = postSolution
		SolutionGuid = {7763D18D-65EB-466A-8DA5-08C666806792}
	EndGlobalSection
EndGlobal
